{
    "name": "phpssh2webclient",
    "version": "0.0.1",
    "lockfileVersion": 2,
    "requires": true,
    "packages": {
        "": {
            "name": "phpssh2webclient",
            "version": "0.0.1",
            "license": "MIT",
            "devDependencies": {
                "xterm": "^4.12.0",
                "xterm-addon-attach": "^0.6.0",
                "xterm-addon-fit": "^0.5.0"
            }
        },
        "node_modules/xterm": {
            "version": "4.12.0",
            "resolved": "https://registry.npmjs.org/xterm/-/xterm-4.12.0.tgz",
            "integrity": "sha512-K5mF/p3txUV18mjiZFlElagoHFpqXrm5OYHeoymeXSu8GG/nMaOO/+NRcNCwfdjzAbdQ5VLF32hEHiWWKKm0bw==",
            "dev": true
        },
        "node_modules/xterm-addon-attach": {
            "version": "0.6.0",
            "resolved": "https://registry.npmjs.org/xterm-addon-attach/-/xterm-addon-attach-0.6.0.tgz",
            "integrity": "sha512-Mo8r3HTjI/EZfczVCwRU6jh438B4WLXxdFO86OB7bx0jGhwh2GdF4ifx/rP+OB+Cb2vmLhhVIZ00/7x3YSP3dg==",
            "dev": true
        },
        "node_modules/xterm-addon-fit": {
            "version": "0.5.0",
            "resolved": "https://registry.npmjs.org/xterm-addon-fit/-/xterm-addon-fit-0.5.0.tgz",
            "integrity": "sha512-DsS9fqhXHacEmsPxBJZvfj2la30Iz9xk+UKjhQgnYNkrUIN5CYLbw7WEfz117c7+S86S/tpHPfvNxJsF5/G8wQ==",
            "dev": true
        }
    },
    "dependencies": {
        "xterm": {
            "version": "4.12.0",
            "resolved": "https://registry.npmjs.org/xterm/-/xterm-4.12.0.tgz",
            "integrity": "sha512-K5mF/p3txUV18mjiZFlElagoHFpqXrm5OYHeoymeXSu8GG/nMaOO/+NRcNCwfdjzAbdQ5VLF32hEHiWWKKm0bw==",
            "dev": true
        },
        "xterm-addon-attach": {
            "version": "0.6.0",
            "resolved": "https://registry.npmjs.org/xterm-addon-attach/-/xterm-addon-attach-0.6.0.tgz",
            "integrity": "sha512-Mo8r3HTjI/EZfczVCwRU6jh438B4WLXxdFO86OB7bx0jGhwh2GdF4ifx/rP+OB+Cb2vmLhhVIZ00/7x3YSP3dg==",
            "dev": true
        },
        "xterm-addon-fit": {
            "version": "0.5.0",
            "resolved": "https://registry.npmjs.org/xterm-addon-fit/-/xterm-addon-fit-0.5.0.tgz",
            "integrity": "sha512-DsS9fqhXHacEmsPxBJZvfj2la30Iz9xk+UKjhQgnYNkrUIN5CYLbw7WEfz117c7+S86S/tpHPfvNxJsF5/G8wQ==",
            "dev": true
        }
    }
}
